
Microsoft Visual Studio Solution File, Format Version 12.00
# Visual Studio Version 17
VisualStudioVersion = 17.5.33627.172
MinimumVisualStudioVersion = 10.0.40219.1
Project("{FAE04EC0-301F-11D3-BF4B-00C04F79EFBC}") = "Interfaces", "Interfaces\Interfaces.csproj", "{D95D7CEB-1AFC-4A5F-B3A0-2632BD29F597}"
EndProject
Global
	GlobalSection(SolutionConfigurationPlatforms) = preSolution
		Debug|Any CPU = Debug|Any CPU
		Release|Any CPU = Release|Any CPU
	EndGlobalSection
	GlobalSection(ProjectConfigurationPlatforms) = postSolution
		{D95D7CEB-1AFC-4A5F-B3A0-2632BD29F597}.Debug|Any CPU.ActiveCfg = Debug|Any CPU
		{D95D7CEB-1AFC-4A5F-B3A0-2632BD29F597}.Debug|Any CPU.Build.0 = Debug|Any CPU
		{D95D7CEB-1AFC-4A5F-B3A0-2632BD29F597}.Release|Any CPU.ActiveCfg = Release|Any CPU
		{D95D7CEB-1AFC-4A5F-B3A0-2632BD29F597}.Release|Any CPU.Build.0 = Release|Any CPU
	EndGlobalSection
	GlobalSection(SolutionProperties) = preSolution
		HideSolutionNode = FALSE
	EndGlobalSection
	GlobalSection(ExtensibilityGlobals) = postSolution
		SolutionGuid = {C37F2F38-1D54-410D-8CAE-153D1ED555C6}
	EndGlobalSection
EndGlobal
